
Microsoft Visual Studio Solution File, Format Version 12.00
# Visual Studio Version 17
VisualStudioVersion = 17.7.34202.233
MinimumVisualStudioVersion = 10.0.40219.1
Project("{C9674DCB-5085-4A16-B785-4C70DD1589BD}") = "Laboratorio2", "Laboratorio2\Laboratorio2.dtproj", "{E6442243-D38A-4833-9EFF-B72861E65938}"
EndProject
Global
	GlobalSection(SolutionConfigurationPlatforms) = preSolution
		Development|Default = Development|Default
	EndGlobalSection
	GlobalSection(ProjectConfigurationPlatforms) = postSolution
		{E6442243-D38A-4833-9EFF-B72861E65938}.Development|Default.ActiveCfg = Development
		{E6442243-D38A-4833-9EFF-B72861E65938}.Development|Default.Build.0 = Development
	EndGlobalSection
	GlobalSection(SolutionProperties) = preSolution
		HideSolutionNode = FALSE
	EndGlobalSection
	GlobalSection(ExtensibilityGlobals) = postSolution
		SolutionGuid = {13592248-EFEE-4210-A9E0-816EBD89B76F}
	EndGlobalSection
EndGlobal
